
Microsoft Visual Studio Solution File, Format Version 12.00
# Visual Studio Version 16
VisualStudioVersion = 16.0.31515.178
MinimumVisualStudioVersion = 10.0.40219.1
Project("{8BC9CEB8-8B4A-11D0-8D11-00A0C91BC942}") = "queue_darr", "queue_darr\queue_darr.vcxproj", "{5B0253B6-602B-4B60-B0EC-BE3D714BC7A8}"
EndProject
Global
	GlobalSection(SolutionConfigurationPlatforms) = preSolution
		Debug|x64 = Debug|x64
		Debug|x86 = Debug|x86
		Release|x64 = Release|x64
		Release|x86 = Release|x86
	EndGlobalSection
	GlobalSection(ProjectConfigurationPlatforms) = postSolution
		{5B0253B6-602B-4B60-B0EC-BE3D714BC7A8}.Debug|x64.ActiveCfg = Debug|x64
		{5B0253B6-602B-4B60-B0EC-BE3D714BC7A8}.Debug|x64.Build.0 = Debug|x64
		{5B0253B6-602B-4B60-B0EC-BE3D714BC7A8}.Debug|x86.ActiveCfg = Debug|Win32
		{5B0253B6-602B-4B60-B0EC-BE3D714BC7A8}.Debug|x86.Build.0 = Debug|Win32
		{5B0253B6-602B-4B60-B0EC-BE3D714BC7A8}.Release|x64.ActiveCfg = Release|x64
		{5B0253B6-602B-4B60-B0EC-BE3D714BC7A8}.Release|x64.Build.0 = Release|x64
		{5B0253B6-602B-4B60-B0EC-BE3D714BC7A8}.Release|x86.ActiveCfg = Release|Win32
		{5B0253B6-602B-4B60-B0EC-BE3D714BC7A8}.Release|x86.Build.0 = Release|Win32
	EndGlobalSection
	GlobalSection(SolutionProperties) = preSolution
		HideSolutionNode = FALSE
	EndGlobalSection
	GlobalSection(ExtensibilityGlobals) = postSolution
		SolutionGuid = {35785F47-83F6-42AB-BCEC-9259450B9A79}
	EndGlobalSection
EndGlobal
